
Microsoft Visual Studio Solution File, Format Version 12.00
# Visual Studio Version 17
VisualStudioVersion = 17.11.35327.3
MinimumVisualStudioVersion = 10.0.40219.1
Project("{FAE04EC0-301F-11D3-BF4B-00C04F79EFBC}") = "DVLD project", "DVLD project.csproj", "{20753651-C0FE-4A99-BB98-83C39FB1E560}"
EndProject
Project("{FAE04EC0-301F-11D3-BF4B-00C04F79EFBC}") = "PeopleBuisnessLayer", "..\PeopleBuisnessLayer\PeopleBuisnessLayer.csproj", "{6D53F58D-6904-4E9B-9CAF-214E34CABA0F}"
EndProject
Project("{FAE04EC0-301F-11D3-BF4B-00C04F79EFBC}") = "PeopleDataAccessLayer", "..\PeopleDataAccessLayer\PeopleDataAccessLayer.csproj", "{08904296-F9CC-4F31-9F1B-AE609AF448C0}"
EndProject
Project("{FAE04EC0-301F-11D3-BF4B-00C04F79EFBC}") = "CountriesBuisnessLayer", "..\..\..\Desktop\CountriesBuisnessLayer\CountriesBuisnessLayer.csproj", "{104EEA43-9053-40F7-965C-58676C045938}"
EndProject
Project("{FAE04EC0-301F-11D3-BF4B-00C04F79EFBC}") = "CountriesDataAccessLayer", "..\..\..\Desktop\CountriesDataAccessLayer\CountriesDataAccessLayer.csproj", "{2988D4F9-4154-4602-977A-D28AD234B261}"
EndProject
Project("{FAE04EC0-301F-11D3-BF4B-00C04F79EFBC}") = "UsersBuisnessLayer", "..\..\..\Desktop\UsersBuisnessLayer\UsersBuisnessLayer.csproj", "{1333A37E-CE32-4D8F-BA78-F8E12B8EE056}"
EndProject
Project("{FAE04EC0-301F-11D3-BF4B-00C04F79EFBC}") = "UsersDataAccessLayer", "..\..\..\Desktop\UsersDataAccessLayer\UsersDataAccessLayer.csproj", "{091B83B4-9C0B-44F8-A79E-8E219B9C1E07}"
EndProject
Project("{FAE04EC0-301F-11D3-BF4B-00C04F79EFBC}") = "CurrentUserInformation", "..\CurrentUserInformation\CurrentUserInformation.csproj", "{955DE7B1-04D3-44FA-9B9C-C749530AA5E7}"
EndProject
Project("{FAE04EC0-301F-11D3-BF4B-00C04F79EFBC}") = "ApplicationTypesBuisnessLayer", "..\ApplicationTypesBuisnessLayer\ApplicationTypesBuisnessLayer.csproj", "{D1E3D809-78FE-42E3-8D99-216CB0C588A8}"
EndProject
Project("{FAE04EC0-301F-11D3-BF4B-00C04F79EFBC}") = "ApplicationTypesDataAccessLayer", "..\ApplicationTypesDataAccessLayer\ApplicationTypesDataAccessLayer.csproj", "{15FF15EF-E2FD-4A68-87DF-A2CCD1566BA9}"
EndProject
Project("{FAE04EC0-301F-11D3-BF4B-00C04F79EFBC}") = "TestTypesBuisnessLayer", "..\TestTypesBuisnessLayer\TestTypesBuisnessLayer.csproj", "{8A05DA41-D1FC-49F4-AE1D-0867E4558BA9}"
EndProject
Project("{FAE04EC0-301F-11D3-BF4B-00C04F79EFBC}") = "TestTypesDataAccessLayer", "..\TestTypesDataAccessLayer\TestTypesDataAccessLayer.csproj", "{4936E55D-DA27-4A36-AAF3-5A4CA6B0CCC8}"
EndProject
Project("{FAE04EC0-301F-11D3-BF4B-00C04F79EFBC}") = "LicenseClassesBuisnessLayer", "..\LicenseClassesBuisnessLayer\LicenseClassesBuisnessLayer.csproj", "{8DE8A803-F14B-404A-A231-6A8A5918B015}"
EndProject
Project("{FAE04EC0-301F-11D3-BF4B-00C04F79EFBC}") = "LicenseClassesDataAccessLayer", "..\LicenseClassesDataAccessLayer\LicenseClassesDataAccessLayer.csproj", "{B7EDA901-8C8F-4695-AF0F-322A7851846E}"
EndProject
Project("{FAE04EC0-301F-11D3-BF4B-00C04F79EFBC}") = "ApplicationBuisnessLayer", "..\ApplicationBuisnessLayer\ApplicationBuisnessLayer.csproj", "{A94C2870-A321-44C3-B471-F6D07F3B5F68}"
EndProject
Project("{FAE04EC0-301F-11D3-BF4B-00C04F79EFBC}") = "ApplicationsDataAccessLayer", "..\ApplicationsDataAccessLayer\ApplicationsDataAccessLayer.csproj", "{503F6748-1702-4E3D-959A-141D76717945}"
EndProject
Project("{FAE04EC0-301F-11D3-BF4B-00C04F79EFBC}") = "LocalDrivingLicenseApplicationsBuisnessLayer", "..\LocalDrivingLicenseApplicationsBuisnessLayer\LocalDrivingLicenseApplicationsBuisnessLayer.csproj", "{3AE0525E-963D-4C75-B0E9-93C9D953B832}"
EndProject
Project("{FAE04EC0-301F-11D3-BF4B-00C04F79EFBC}") = "LocalDrivingLicenseApplicationsDataAccessLayer", "..\LocalDrivingLicenseApplicationsDataAccessLayer\LocalDrivingLicenseApplicationsDataAccessLayer.csproj", "{EBAB68B5-208E-4C53-9F02-9F52EF23C5D7}"
EndProject
Project("{FAE04EC0-301F-11D3-BF4B-00C04F79EFBC}") = "TestAppointmentsBuisnessLayer", "..\TestAppointmentsBuisnessLayer\TestAppointmentsBuisnessLayer.csproj", "{47186344-D49E-445B-86AC-2D8E0DE4D88A}"
EndProject
Project("{FAE04EC0-301F-11D3-BF4B-00C04F79EFBC}") = "TestAppointmentsDataAccessLayer", "..\TestAppointmentsDataAccessLayer\TestAppointmentsDataAccessLayer.csproj", "{7E0CB1A4-7E9D-4830-81F0-F325F85DE3F4}"
EndProject
Project("{FAE04EC0-301F-11D3-BF4B-00C04F79EFBC}") = "TestsBuisnessLayer", "..\TestsBuisnessLayer\TestsBuisnessLayer.csproj", "{ED6E9562-9643-48BF-A0CC-1A416410E097}"
EndProject
Project("{FAE04EC0-301F-11D3-BF4B-00C04F79EFBC}") = "TestsDataAccessLayer", "..\TestsDataAccessLayer\TestsDataAccessLayer.csproj", "{A4F468CD-F925-40B4-940E-40342529708F}"
EndProject
Project("{FAE04EC0-301F-11D3-BF4B-00C04F79EFBC}") = "DriversBuisnessLayer", "..\DriversBuisnessLayer\DriversBuisnessLayer.csproj", "{C5B4FD20-C1F1-46AC-A96D-B956CC257C10}"
EndProject
Project("{FAE04EC0-301F-11D3-BF4B-00C04F79EFBC}") = "DriversDataAccessLayer", "..\DriversDataAccessLayer\DriversDataAccessLayer.csproj", "{82BA96A4-31E6-4109-8B37-491E4E849694}"
EndProject
Project("{FAE04EC0-301F-11D3-BF4B-00C04F79EFBC}") = "LicensesBuisnessLayer", "..\LicensesBuisnessLayer\LicensesBuisnessLayer.csproj", "{0D1F2543-D34C-42B3-B843-E3C1BB1B8B17}"
EndProject
Project("{FAE04EC0-301F-11D3-BF4B-00C04F79EFBC}") = "LicensesDataAccessLayer", "..\LicensesDataAccessLayer\LicensesDataAccessLayer.csproj", "{8CFFB317-D260-4811-B232-3EF6DDCC0199}"
EndProject
Project("{FAE04EC0-301F-11D3-BF4B-00C04F79EFBC}") = "InternationalLicensesBuisnessLayer", "..\InternationalLicensesBuisnessLayer\InternationalLicensesBuisnessLayer.csproj", "{D878A207-A344-459D-9446-D1AB4F20D46D}"
EndProject
Project("{FAE04EC0-301F-11D3-BF4B-00C04F79EFBC}") = "IntLicensesDataAccessLayer", "..\IntLicensesDataAccessLayer\IntLicensesDataAccessLayer.csproj", "{0CD6FABD-4EFD-40B7-9672-D4D171D3B5CE}"
EndProject
Project("{FAE04EC0-301F-11D3-BF4B-00C04F79EFBC}") = "DetainedLicensesBuisnessLayer", "..\DetainedLicensesBuisnessLayer\DetainedLicensesBuisnessLayer.csproj", "{C3CE081F-E290-4CDD-895E-F13CA7569A17}"
EndProject
Project("{FAE04EC0-301F-11D3-BF4B-00C04F79EFBC}") = "DetainedLicensesDataAccessLayer", "..\DetainedLicensesDataAccessLayer\DetainedLicensesDataAccessLayer.csproj", "{A1B82306-1BF8-4EAB-B48F-6E944A0E8AC3}"
EndProject
Global
	GlobalSection(SolutionConfigurationPlatforms) = preSolution
		Debug|Any CPU = Debug|Any CPU
		Release|Any CPU = Release|Any CPU
	EndGlobalSection
	GlobalSection(ProjectConfigurationPlatforms) = postSolution
		{20753651-C0FE-4A99-BB98-83C39FB1E560}.Debug|Any CPU.ActiveCfg = Debug|Any CPU
		{20753651-C0FE-4A99-BB98-83C39FB1E560}.Debug|Any CPU.Build.0 = Debug|Any CPU
		{20753651-C0FE-4A99-BB98-83C39FB1E560}.Release|Any CPU.ActiveCfg = Release|Any CPU
		{20753651-C0FE-4A99-BB98-83C39FB1E560}.Release|Any CPU.Build.0 = Release|Any CPU
		{6D53F58D-6904-4E9B-9CAF-214E34CABA0F}.Debug|Any CPU.ActiveCfg = Debug|Any CPU
		{6D53F58D-6904-4E9B-9CAF-214E34CABA0F}.Debug|Any CPU.Build.0 = Debug|Any CPU
		{6D53F58D-6904-4E9B-9CAF-214E34CABA0F}.Release|Any CPU.ActiveCfg = Release|Any CPU
		{6D53F58D-6904-4E9B-9CAF-214E34CABA0F}.Release|Any CPU.Build.0 = Release|Any CPU
		{08904296-F9CC-4F31-9F1B-AE609AF448C0}.Debug|Any CPU.ActiveCfg = Debug|Any CPU
		{08904296-F9CC-4F31-9F1B-AE609AF448C0}.Debug|Any CPU.Build.0 = Debug|Any CPU
		{08904296-F9CC-4F31-9F1B-AE609AF448C0}.Release|Any CPU.ActiveCfg = Release|Any CPU
		{08904296-F9CC-4F31-9F1B-AE609AF448C0}.Release|Any CPU.Build.0 = Release|Any CPU
		{104EEA43-9053-40F7-965C-58676C045938}.Debug|Any CPU.ActiveCfg = Debug|Any CPU
		{104EEA43-9053-40F7-965C-58676C045938}.Debug|Any CPU.Build.0 = Debug|Any CPU
		{104EEA43-9053-40F7-965C-58676C045938}.Release|Any CPU.ActiveCfg = Release|Any CPU
		{104EEA43-9053-40F7-965C-58676C045938}.Release|Any CPU.Build.0 = Release|Any CPU
		{2988D4F9-4154-4602-977A-D28AD234B261}.Debug|Any CPU.ActiveCfg = Debug|Any CPU
		{2988D4F9-4154-4602-977A-D28AD234B261}.Debug|Any CPU.Build.0 = Debug|Any CPU
		{2988D4F9-4154-4602-977A-D28AD234B261}.Release|Any CPU.ActiveCfg = Release|Any CPU
		{2988D4F9-4154-4602-977A-D28AD234B261}.Release|Any CPU.Build.0 = Release|Any CPU
		{1333A37E-CE32-4D8F-BA78-F8E12B8EE056}.Debug|Any CPU.ActiveCfg = Debug|Any CPU
		{1333A37E-CE32-4D8F-BA78-F8E12B8EE056}.Debug|Any CPU.Build.0 = Debug|Any CPU
		{1333A37E-CE32-4D8F-BA78-F8E12B8EE056}.Release|Any CPU.ActiveCfg = Release|Any CPU
		{1333A37E-CE32-4D8F-BA78-F8E12B8EE056}.Release|Any CPU.Build.0 = Release|Any CPU
		{091B83B4-9C0B-44F8-A79E-8E219B9C1E07}.Debug|Any CPU.ActiveCfg = Debug|Any CPU
		{091B83B4-9C0B-44F8-A79E-8E219B9C1E07}.Debug|Any CPU.Build.0 = Debug|Any CPU
		{091B83B4-9C0B-44F8-A79E-8E219B9C1E07}.Release|Any CPU.ActiveCfg = Release|Any CPU
		{091B83B4-9C0B-44F8-A79E-8E219B9C1E07}.Release|Any CPU.Build.0 = Release|Any CPU
		{955DE7B1-04D3-44FA-9B9C-C749530AA5E7}.Debug|Any CPU.ActiveCfg = Debug|Any CPU
		{955DE7B1-04D3-44FA-9B9C-C749530AA5E7}.Debug|Any CPU.Build.0 = Debug|Any CPU
		{955DE7B1-04D3-44FA-9B9C-C749530AA5E7}.Release|Any CPU.ActiveCfg = Release|Any CPU
		{955DE7B1-04D3-44FA-9B9C-C749530AA5E7}.Release|Any CPU.Build.0 = Release|Any CPU
		{D1E3D809-78FE-42E3-8D99-216CB0C588A8}.Debug|Any CPU.ActiveCfg = Debug|Any CPU
		{D1E3D809-78FE-42E3-8D99-216CB0C588A8}.Debug|Any CPU.Build.0 = Debug|Any CPU
		{D1E3D809-78FE-42E3-8D99-216CB0C588A8}.Release|Any CPU.ActiveCfg = Release|Any CPU
		{D1E3D809-78FE-42E3-8D99-216CB0C588A8}.Release|Any CPU.Build.0 = Release|Any CPU
		{15FF15EF-E2FD-4A68-87DF-A2CCD1566BA9}.Debug|Any CPU.ActiveCfg = Debug|Any CPU
		{15FF15EF-E2FD-4A68-87DF-A2CCD1566BA9}.Debug|Any CPU.Build.0 = Debug|Any CPU
		{15FF15EF-E2FD-4A68-87DF-A2CCD1566BA9}.Release|Any CPU.ActiveCfg = Release|Any CPU
		{15FF15EF-E2FD-4A68-87DF-A2CCD1566BA9}.Release|Any CPU.Build.0 = Release|Any CPU
		{8A05DA41-D1FC-49F4-AE1D-0867E4558BA9}.Debug|Any CPU.ActiveCfg = Debug|Any CPU
		{8A05DA41-D1FC-49F4-AE1D-0867E4558BA9}.Debug|Any CPU.Build.0 = Debug|Any CPU
		{8A05DA41-D1FC-49F4-AE1D-0867E4558BA9}.Release|Any CPU.ActiveCfg = Release|Any CPU
		{8A05DA41-D1FC-49F4-AE1D-0867E4558BA9}.Release|Any CPU.Build.0 = Release|Any CPU
		{4936E55D-DA27-4A36-AAF3-5A4CA6B0CCC8}.Debug|Any CPU.ActiveCfg = Debug|Any CPU
		{4936E55D-DA27-4A36-AAF3-5A4CA6B0CCC8}.Debug|Any CPU.Build.0 = Debug|Any CPU
		{4936E55D-DA27-4A36-AAF3-5A4CA6B0CCC8}.Release|Any CPU.ActiveCfg = Release|Any CPU
		{4936E55D-DA27-4A36-AAF3-5A4CA6B0CCC8}.Release|Any CPU.Build.0 = Release|Any CPU
		{8DE8A803-F14B-404A-A231-6A8A5918B015}.Debug|Any CPU.ActiveCfg = Debug|Any CPU
		{8DE8A803-F14B-404A-A231-6A8A5918B015}.Debug|Any CPU.Build.0 = Debug|Any CPU
		{8DE8A803-F14B-404A-A231-6A8A5918B015}.Release|Any CPU.ActiveCfg = Release|Any CPU
		{8DE8A803-F14B-404A-A231-6A8A5918B015}.Release|Any CPU.Build.0 = Release|Any CPU
		{B7EDA901-8C8F-4695-AF0F-322A7851846E}.Debug|Any CPU.ActiveCfg = Debug|Any CPU
		{B7EDA901-8C8F-4695-AF0F-322A7851846E}.Debug|Any CPU.Build.0 = Debug|Any CPU
		{B7EDA901-8C8F-4695-AF0F-322A7851846E}.Release|Any CPU.ActiveCfg = Release|Any CPU
		{B7EDA901-8C8F-4695-AF0F-322A7851846E}.Release|Any CPU.Build.0 = Release|Any CPU
		{A94C2870-A321-44C3-B471-F6D07F3B5F68}.Debug|Any CPU.ActiveCfg = Debug|Any CPU
		{A94C2870-A321-44C3-B471-F6D07F3B5F68}.Debug|Any CPU.Build.0 = Debug|Any CPU
		{A94C2870-A321-44C3-B471-F6D07F3B5F68}.Release|Any CPU.ActiveCfg = Release|Any CPU
		{A94C2870-A321-44C3-B471-F6D07F3B5F68}.Release|Any CPU.Build.0 = Release|Any CPU
		{503F6748-1702-4E3D-959A-141D76717945}.Debug|Any CPU.ActiveCfg = Debug|Any CPU
		{503F6748-1702-4E3D-959A-141D76717945}.Debug|Any CPU.Build.0 = Debug|Any CPU
		{503F6748-1702-4E3D-959A-141D76717945}.Release|Any CPU.ActiveCfg = Release|Any CPU
		{503F6748-1702-4E3D-959A-141D76717945}.Release|Any CPU.Build.0 = Release|Any CPU
		{3AE0525E-963D-4C75-B0E9-93C9D953B832}.Debug|Any CPU.ActiveCfg = Debug|Any CPU
		{3AE0525E-963D-4C75-B0E9-93C9D953B832}.Debug|Any CPU.Build.0 = Debug|Any CPU
		{3AE0525E-963D-4C75-B0E9-93C9D953B832}.Release|Any CPU.ActiveCfg = Release|Any CPU
		{3AE0525E-963D-4C75-B0E9-93C9D953B832}.Release|Any CPU.Build.0 = Release|Any CPU
		{EBAB68B5-208E-4C53-9F02-9F52EF23C5D7}.Debug|Any CPU.ActiveCfg = Debug|Any CPU
		{EBAB68B5-208E-4C53-9F02-9F52EF23C5D7}.Debug|Any CPU.Build.0 = Debug|Any CPU
		{EBAB68B5-208E-4C53-9F02-9F52EF23C5D7}.Release|Any CPU.ActiveCfg = Release|Any CPU
		{EBAB68B5-208E-4C53-9F02-9F52EF23C5D7}.Release|Any CPU.Build.0 = Release|Any CPU
		{47186344-D49E-445B-86AC-2D8E0DE4D88A}.Debug|Any CPU.ActiveCfg = Debug|Any CPU
		{47186344-D49E-445B-86AC-2D8E0DE4D88A}.Debug|Any CPU.Build.0 = Debug|Any CPU
		{47186344-D49E-445B-86AC-2D8E0DE4D88A}.Release|Any CPU.ActiveCfg = Release|Any CPU
		{47186344-D49E-445B-86AC-2D8E0DE4D88A}.Release|Any CPU.Build.0 = Release|Any CPU
		{7E0CB1A4-7E9D-4830-81F0-F325F85DE3F4}.Debug|Any CPU.ActiveCfg = Debug|Any CPU
		{7E0CB1A4-7E9D-4830-81F0-F325F85DE3F4}.Debug|Any CPU.Build.0 = Debug|Any CPU
		{7E0CB1A4-7E9D-4830-81F0-F325F85DE3F4}.Release|Any CPU.ActiveCfg = Release|Any CPU
		{7E0CB1A4-7E9D-4830-81F0-F325F85DE3F4}.Release|Any CPU.Build.0 = Release|Any CPU
		{ED6E9562-9643-48BF-A0CC-1A416410E097}.Debug|Any CPU.ActiveCfg = Debug|Any CPU
		{ED6E9562-9643-48BF-A0CC-1A416410E097}.Debug|Any CPU.Build.0 = Debug|Any CPU
		{ED6E9562-9643-48BF-A0CC-1A416410E097}.Release|Any CPU.ActiveCfg = Release|Any CPU
		{ED6E9562-9643-48BF-A0CC-1A416410E097}.Release|Any CPU.Build.0 = Release|Any CPU
		{A4F468CD-F925-40B4-940E-40342529708F}.Debug|Any CPU.ActiveCfg = Debug|Any CPU
		{A4F468CD-F925-40B4-940E-40342529708F}.Debug|Any CPU.Build.0 = Debug|Any CPU
		{A4F468CD-F925-40B4-940E-40342529708F}.Release|Any CPU.ActiveCfg = Release|Any CPU
		{A4F468CD-F925-40B4-940E-40342529708F}.Release|Any CPU.Build.0 = Release|Any CPU
		{C5B4FD20-C1F1-46AC-A96D-B956CC257C10}.Debug|Any CPU.ActiveCfg = Debug|Any CPU
		{C5B4FD20-C1F1-46AC-A96D-B956CC257C10}.Debug|Any CPU.Build.0 = Debug|Any CPU
		{C5B4FD20-C1F1-46AC-A96D-B956CC257C10}.Release|Any CPU.ActiveCfg = Release|Any CPU
		{C5B4FD20-C1F1-46AC-A96D-B956CC257C10}.Release|Any CPU.Build.0 = Release|Any CPU
		{82BA96A4-31E6-4109-8B37-491E4E849694}.Debug|Any CPU.ActiveCfg = Debug|Any CPU
		{82BA96A4-31E6-4109-8B37-491E4E849694}.Debug|Any CPU.Build.0 = Debug|Any CPU
		{82BA96A4-31E6-4109-8B37-491E4E849694}.Release|Any CPU.ActiveCfg = Release|Any CPU
		{82BA96A4-31E6-4109-8B37-491E4E849694}.Release|Any CPU.Build.0 = Release|Any CPU
		{0D1F2543-D34C-42B3-B843-E3C1BB1B8B17}.Debug|Any CPU.ActiveCfg = Debug|Any CPU
		{0D1F2543-D34C-42B3-B843-E3C1BB1B8B17}.Debug|Any CPU.Build.0 = Debug|Any CPU
		{0D1F2543-D34C-42B3-B843-E3C1BB1B8B17}.Release|Any CPU.ActiveCfg = Release|Any CPU
		{0D1F2543-D34C-42B3-B843-E3C1BB1B8B17}.Release|Any CPU.Build.0 = Release|Any CPU
		{8CFFB317-D260-4811-B232-3EF6DDCC0199}.Debug|Any CPU.ActiveCfg = Debug|Any CPU
		{8CFFB317-D260-4811-B232-3EF6DDCC0199}.Debug|Any CPU.Build.0 = Debug|Any CPU
		{8CFFB317-D260-4811-B232-3EF6DDCC0199}.Release|Any CPU.ActiveCfg = Release|Any CPU
		{8CFFB317-D260-4811-B232-3EF6DDCC0199}.Release|Any CPU.Build.0 = Release|Any CPU
		{D878A207-A344-459D-9446-D1AB4F20D46D}.Debug|Any CPU.ActiveCfg = Debug|Any CPU
		{D878A207-A344-459D-9446-D1AB4F20D46D}.Debug|Any CPU.Build.0 = Debug|Any CPU
		{D878A207-A344-459D-9446-D1AB4F20D46D}.Release|Any CPU.ActiveCfg = Release|Any CPU
		{D878A207-A344-459D-9446-D1AB4F20D46D}.Release|Any CPU.Build.0 = Release|Any CPU
		{0CD6FABD-4EFD-40B7-9672-D4D171D3B5CE}.Debug|Any CPU.ActiveCfg = Debug|Any CPU
		{0CD6FABD-4EFD-40B7-9672-D4D171D3B5CE}.Debug|Any CPU.Build.0 = Debug|Any CPU
		{0CD6FABD-4EFD-40B7-9672-D4D171D3B5CE}.Release|Any CPU.ActiveCfg = Release|Any CPU
		{0CD6FABD-4EFD-40B7-9672-D4D171D3B5CE}.Release|Any CPU.Build.0 = Release|Any CPU
		{C3CE081F-E290-4CDD-895E-F13CA7569A17}.Debug|Any CPU.ActiveCfg = Debug|Any CPU
		{C3CE081F-E290-4CDD-895E-F13CA7569A17}.Debug|Any CPU.Build.0 = Debug|Any CPU
		{C3CE081F-E290-4CDD-895E-F13CA7569A17}.Release|Any CPU.ActiveCfg = Release|Any CPU
		{C3CE081F-E290-4CDD-895E-F13CA7569A17}.Release|Any CPU.Build.0 = Release|Any CPU
		{A1B82306-1BF8-4EAB-B48F-6E944A0E8AC3}.Debug|Any CPU.ActiveCfg = Debug|Any CPU
		{A1B82306-1BF8-4EAB-B48F-6E944A0E8AC3}.Debug|Any CPU.Build.0 = Debug|Any CPU
		{A1B82306-1BF8-4EAB-B48F-6E944A0E8AC3}.Release|Any CPU.ActiveCfg = Release|Any CPU
		{A1B82306-1BF8-4EAB-B48F-6E944A0E8AC3}.Release|Any CPU.Build.0 = Release|Any CPU
	EndGlobalSection
	GlobalSection(SolutionProperties) = preSolution
		HideSolutionNode = FALSE
	EndGlobalSection
	GlobalSection(ExtensibilityGlobals) = postSolution
		SolutionGuid = {AACAADFB-9E40-4826-B0D3-4AEDC0381DEB}
	EndGlobalSection
EndGlobal
